
Microsoft Visual Studio Solution File, Format Version 12.00
# Visual Studio Version 16
VisualStudioVersion = 16.0.30517.126
MinimumVisualStudioVersion = 10.0.40219.1
Project("{9A19103F-16F7-4668-BE54-9A1E7A4F7556}") = "Sense.Lib.KinectONE", "KinectONE\Sense.Lib.KinectONE.csproj", "{1A581B99-702E-4826-8E86-AB700A4D2FAD}"
EndProject
Project("{9A19103F-16F7-4668-BE54-9A1E7A4F7556}") = "Sense.Lib.FACELibrary", "FaceLibraryONE\Sense.Lib.FACELibrary.csproj", "{A47084A9-8EDE-4C7C-9E48-4B0B5DB046ED}"
EndProject
Global
	GlobalSection(SolutionConfigurationPlatforms) = preSolution
		Debug|Any CPU = Debug|Any CPU
		Release|Any CPU = Release|Any CPU
	EndGlobalSection
	GlobalSection(ProjectConfigurationPlatforms) = postSolution
		{1A581B99-702E-4826-8E86-AB700A4D2FAD}.Debug|Any CPU.ActiveCfg = Debug|Any CPU
		{1A581B99-702E-4826-8E86-AB700A4D2FAD}.Debug|Any CPU.Build.0 = Debug|Any CPU
		{1A581B99-702E-4826-8E86-AB700A4D2FAD}.Release|Any CPU.ActiveCfg = Release|Any CPU
		{1A581B99-702E-4826-8E86-AB700A4D2FAD}.Release|Any CPU.Build.0 = Release|Any CPU
		{A47084A9-8EDE-4C7C-9E48-4B0B5DB046ED}.Debug|Any CPU.ActiveCfg = Debug|Any CPU
		{A47084A9-8EDE-4C7C-9E48-4B0B5DB046ED}.Debug|Any CPU.Build.0 = Debug|Any CPU
		{A47084A9-8EDE-4C7C-9E48-4B0B5DB046ED}.Release|Any CPU.ActiveCfg = Release|Any CPU
		{A47084A9-8EDE-4C7C-9E48-4B0B5DB046ED}.Release|Any CPU.Build.0 = Release|Any CPU
	EndGlobalSection
	GlobalSection(SolutionProperties) = preSolution
		HideSolutionNode = FALSE
	EndGlobalSection
	GlobalSection(ExtensibilityGlobals) = postSolution
		SolutionGuid = {C51CC6EA-DF67-4758-A85F-F37EA84B815A}
	EndGlobalSection
EndGlobal
